
Microsoft Visual Studio Solution File, Format Version 12.00
# Visual Studio 2013
VisualStudioVersion = 12.0.31101.0
MinimumVisualStudioVersion = 10.0.40219.1
Project("{FAE04EC0-301F-11D3-BF4B-00C04F79EFBC}") = "PartitionSensorData", "PartitionSensorData\PartitionSensorData.csproj", "{125357AC-B477-49ED-802F-8772CC8191C1}"
EndProject
Project("{FAE04EC0-301F-11D3-BF4B-00C04F79EFBC}") = "PartitionSensorData.Common", "PartitionSensorData.Common\PartitionSensorData.Common.csproj", "{47250340-ABE3-44B5-9642-FD767CA4F526}"
EndProject
Project("{FAE04EC0-301F-11D3-BF4B-00C04F79EFBC}") = "PartitionSensorData.Reader", "PartitionSensorData.Reader\PartitionSensorData.Reader.csproj", "{6A34534C-8F33-4E31-B9CA-FE1E8745D716}"
EndProject
Project("{FAE04EC0-301F-11D3-BF4B-00C04F79EFBC}") = "PartitionSensorData.Tests", "PartitionSensorData.Tests\PartitionSensorData.Tests.csproj", "{38F02250-3A47-40BC-94A8-288D67EBF816}"
EndProject
Global
	GlobalSection(SolutionConfigurationPlatforms) = preSolution
		Debug|Any CPU = Debug|Any CPU
		Release|Any CPU = Release|Any CPU
	EndGlobalSection
	GlobalSection(ProjectConfigurationPlatforms) = postSolution
		{125357AC-B477-49ED-802F-8772CC8191C1}.Debug|Any CPU.ActiveCfg = Debug|Any CPU
		{125357AC-B477-49ED-802F-8772CC8191C1}.Debug|Any CPU.Build.0 = Debug|Any CPU
		{125357AC-B477-49ED-802F-8772CC8191C1}.Release|Any CPU.ActiveCfg = Release|Any CPU
		{125357AC-B477-49ED-802F-8772CC8191C1}.Release|Any CPU.Build.0 = Release|Any CPU
		{47250340-ABE3-44B5-9642-FD767CA4F526}.Debug|Any CPU.ActiveCfg = Debug|Any CPU
		{47250340-ABE3-44B5-9642-FD767CA4F526}.Debug|Any CPU.Build.0 = Debug|Any CPU
		{47250340-ABE3-44B5-9642-FD767CA4F526}.Release|Any CPU.ActiveCfg = Release|Any CPU
		{47250340-ABE3-44B5-9642-FD767CA4F526}.Release|Any CPU.Build.0 = Release|Any CPU
		{6A34534C-8F33-4E31-B9CA-FE1E8745D716}.Debug|Any CPU.ActiveCfg = Debug|Any CPU
		{6A34534C-8F33-4E31-B9CA-FE1E8745D716}.Debug|Any CPU.Build.0 = Debug|Any CPU
		{6A34534C-8F33-4E31-B9CA-FE1E8745D716}.Release|Any CPU.ActiveCfg = Release|Any CPU
		{6A34534C-8F33-4E31-B9CA-FE1E8745D716}.Release|Any CPU.Build.0 = Release|Any CPU
		{38F02250-3A47-40BC-94A8-288D67EBF816}.Debug|Any CPU.ActiveCfg = Debug|Any CPU
		{38F02250-3A47-40BC-94A8-288D67EBF816}.Debug|Any CPU.Build.0 = Debug|Any CPU
		{38F02250-3A47-40BC-94A8-288D67EBF816}.Release|Any CPU.ActiveCfg = Release|Any CPU
		{38F02250-3A47-40BC-94A8-288D67EBF816}.Release|Any CPU.Build.0 = Release|Any CPU
	EndGlobalSection
	GlobalSection(SolutionProperties) = preSolution
		HideSolutionNode = FALSE
	EndGlobalSection
EndGlobal
